
Microsoft Visual Studio Solution File, Format Version 12.00
# Visual Studio Version 17
VisualStudioVersion = 17.0.31903.59
MinimumVisualStudioVersion = 10.0.40219.1
Project("{2150E333-8FDC-42A3-9474-1A3956D46DE8}") = "src", "src", "{827E0CD3-B72D-47B6-A68D-7590B98EB39B}"
EndProject
Project("{FAE04EC0-301F-11D3-BF4B-00C04F79EFBC}") = "K1Soft.IT.VectorTileHub.Abstractions", "src\K1Soft.IT.VectorTileHub.Abstractions\K1Soft.IT.VectorTileHub.Abstractions.csproj", "{7F9D44B7-5985-4D15-A9DC-A37E11FB20C8}"
EndProject
Project("{FAE04EC0-301F-11D3-BF4B-00C04F79EFBC}") = "K1Soft.IT.VectorTileHub.Core", "src\K1Soft.IT.VectorTileHub.Core\K1Soft.IT.VectorTileHub.Core.csproj", "{00C57674-D318-4DA8-84C6-024A6C8DA85A}"
EndProject
Project("{FAE04EC0-301F-11D3-BF4B-00C04F79EFBC}") = "K1Soft.IT.VectorTileHub.AspNetCore", "src\K1Soft.IT.VectorTileHub.AspNetCore\K1Soft.IT.VectorTileHub.AspNetCore.csproj", "{0F1E18A3-AC2F-4888-841E-42F79B54586F}"
EndProject
Project("{FAE04EC0-301F-11D3-BF4B-00C04F79EFBC}") = "K1Soft.IT.VectorTileHub.Storage", "src\K1Soft.IT.VectorTileHub.Storage\K1Soft.IT.VectorTileHub.Storage.csproj", "{4CFD653F-A6AA-45B8-9F50-E5FC3526163E}"
EndProject
Project("{FAE04EC0-301F-11D3-BF4B-00C04F79EFBC}") = "K1Soft.IT.VectorTileHub.Jobs", "src\K1Soft.IT.VectorTileHub.Jobs\K1Soft.IT.VectorTileHub.Jobs.csproj", "{7315C4B3-A4A8-45F3-B0B2-9F86E3E10B9C}"
EndProject
Project("{FAE04EC0-301F-11D3-BF4B-00C04F79EFBC}") = "K1Soft.IT.VectorTileHub.Providers.SqlServer", "src\K1Soft.IT.VectorTileHub.Providers.SqlServer\K1Soft.IT.VectorTileHub.Providers.SqlServer.csproj", "{E30B04B2-E72E-458D-BD30-7FD286F85771}"
EndProject
Project("{FAE04EC0-301F-11D3-BF4B-00C04F79EFBC}") = "K1Soft.IT.VectorTileHub.Providers.Oracle", "src\K1Soft.IT.VectorTileHub.Providers.Oracle\K1Soft.IT.VectorTileHub.Providers.Oracle.csproj", "{D6455C29-041E-4840-BA1E-C552B6A63F71}"
EndProject
Project("{FAE04EC0-301F-11D3-BF4B-00C04F79EFBC}") = "K1Soft.IT.VectorTileHub.Sample", "src\K1Soft.IT.VectorTileHub.Sample\K1Soft.IT.VectorTileHub.Sample.csproj", "{578B1E4B-7BB6-4092-9989-807F513CA159}"
EndProject
Global
	GlobalSection(SolutionConfigurationPlatforms) = preSolution
		Debug|Any CPU = Debug|Any CPU
		Debug|x64 = Debug|x64
		Debug|x86 = Debug|x86
		Release|Any CPU = Release|Any CPU
		Release|x64 = Release|x64
		Release|x86 = Release|x86
	EndGlobalSection
	GlobalSection(ProjectConfigurationPlatforms) = postSolution
		{7F9D44B7-5985-4D15-A9DC-A37E11FB20C8}.Debug|Any CPU.ActiveCfg = Debug|Any CPU
		{7F9D44B7-5985-4D15-A9DC-A37E11FB20C8}.Debug|Any CPU.Build.0 = Debug|Any CPU
		{7F9D44B7-5985-4D15-A9DC-A37E11FB20C8}.Debug|x64.ActiveCfg = Debug|Any CPU
		{7F9D44B7-5985-4D15-A9DC-A37E11FB20C8}.Debug|x64.Build.0 = Debug|Any CPU
		{7F9D44B7-5985-4D15-A9DC-A37E11FB20C8}.Debug|x86.ActiveCfg = Debug|Any CPU
		{7F9D44B7-5985-4D15-A9DC-A37E11FB20C8}.Debug|x86.Build.0 = Debug|Any CPU
		{7F9D44B7-5985-4D15-A9DC-A37E11FB20C8}.Release|Any CPU.ActiveCfg = Release|Any CPU
		{7F9D44B7-5985-4D15-A9DC-A37E11FB20C8}.Release|Any CPU.Build.0 = Release|Any CPU
		{7F9D44B7-5985-4D15-A9DC-A37E11FB20C8}.Release|x64.ActiveCfg = Release|Any CPU
		{7F9D44B7-5985-4D15-A9DC-A37E11FB20C8}.Release|x64.Build.0 = Release|Any CPU
		{7F9D44B7-5985-4D15-A9DC-A37E11FB20C8}.Release|x86.ActiveCfg = Release|Any CPU
		{7F9D44B7-5985-4D15-A9DC-A37E11FB20C8}.Release|x86.Build.0 = Release|Any CPU
		{00C57674-D318-4DA8-84C6-024A6C8DA85A}.Debug|Any CPU.ActiveCfg = Debug|Any CPU
		{00C57674-D318-4DA8-84C6-024A6C8DA85A}.Debug|Any CPU.Build.0 = Debug|Any CPU
		{00C57674-D318-4DA8-84C6-024A6C8DA85A}.Debug|x64.ActiveCfg = Debug|Any CPU
		{00C57674-D318-4DA8-84C6-024A6C8DA85A}.Debug|x64.Build.0 = Debug|Any CPU
		{00C57674-D318-4DA8-84C6-024A6C8DA85A}.Debug|x86.ActiveCfg = Debug|Any CPU
		{00C57674-D318-4DA8-84C6-024A6C8DA85A}.Debug|x86.Build.0 = Debug|Any CPU
		{00C57674-D318-4DA8-84C6-024A6C8DA85A}.Release|Any CPU.ActiveCfg = Release|Any CPU
		{00C57674-D318-4DA8-84C6-024A6C8DA85A}.Release|Any CPU.Build.0 = Release|Any CPU
		{00C57674-D318-4DA8-84C6-024A6C8DA85A}.Release|x64.ActiveCfg = Release|Any CPU
		{00C57674-D318-4DA8-84C6-024A6C8DA85A}.Release|x64.Build.0 = Release|Any CPU
		{00C57674-D318-4DA8-84C6-024A6C8DA85A}.Release|x86.ActiveCfg = Release|Any CPU
		{00C57674-D318-4DA8-84C6-024A6C8DA85A}.Release|x86.Build.0 = Release|Any CPU
		{0F1E18A3-AC2F-4888-841E-42F79B54586F}.Debug|Any CPU.ActiveCfg = Debug|Any CPU
		{0F1E18A3-AC2F-4888-841E-42F79B54586F}.Debug|Any CPU.Build.0 = Debug|Any CPU
		{0F1E18A3-AC2F-4888-841E-42F79B54586F}.Debug|x64.ActiveCfg = Debug|Any CPU
		{0F1E18A3-AC2F-4888-841E-42F79B54586F}.Debug|x64.Build.0 = Debug|Any CPU
		{0F1E18A3-AC2F-4888-841E-42F79B54586F}.Debug|x86.ActiveCfg = Debug|Any CPU
		{0F1E18A3-AC2F-4888-841E-42F79B54586F}.Debug|x86.Build.0 = Debug|Any CPU
		{0F1E18A3-AC2F-4888-841E-42F79B54586F}.Release|Any CPU.ActiveCfg = Release|Any CPU
		{0F1E18A3-AC2F-4888-841E-42F79B54586F}.Release|Any CPU.Build.0 = Release|Any CPU
		{0F1E18A3-AC2F-4888-841E-42F79B54586F}.Release|x64.ActiveCfg = Release|Any CPU
		{0F1E18A3-AC2F-4888-841E-42F79B54586F}.Release|x64.Build.0 = Release|Any CPU
		{0F1E18A3-AC2F-4888-841E-42F79B54586F}.Release|x86.ActiveCfg = Release|Any CPU
		{0F1E18A3-AC2F-4888-841E-42F79B54586F}.Release|x86.Build.0 = Release|Any CPU
		{4CFD653F-A6AA-45B8-9F50-E5FC3526163E}.Debug|Any CPU.ActiveCfg = Debug|Any CPU
		{4CFD653F-A6AA-45B8-9F50-E5FC3526163E}.Debug|Any CPU.Build.0 = Debug|Any CPU
		{4CFD653F-A6AA-45B8-9F50-E5FC3526163E}.Debug|x64.ActiveCfg = Debug|Any CPU
		{4CFD653F-A6AA-45B8-9F50-E5FC3526163E}.Debug|x64.Build.0 = Debug|Any CPU
		{4CFD653F-A6AA-45B8-9F50-E5FC3526163E}.Debug|x86.ActiveCfg = Debug|Any CPU
		{4CFD653F-A6AA-45B8-9F50-E5FC3526163E}.Debug|x86.Build.0 = Debug|Any CPU
		{4CFD653F-A6AA-45B8-9F50-E5FC3526163E}.Release|Any CPU.ActiveCfg = Release|Any CPU
		{4CFD653F-A6AA-45B8-9F50-E5FC3526163E}.Release|Any CPU.Build.0 = Release|Any CPU
		{4CFD653F-A6AA-45B8-9F50-E5FC3526163E}.Release|x64.ActiveCfg = Release|Any CPU
		{4CFD653F-A6AA-45B8-9F50-E5FC3526163E}.Release|x64.Build.0 = Release|Any CPU
		{4CFD653F-A6AA-45B8-9F50-E5FC3526163E}.Release|x86.ActiveCfg = Release|Any CPU
		{4CFD653F-A6AA-45B8-9F50-E5FC3526163E}.Release|x86.Build.0 = Release|Any CPU
		{7315C4B3-A4A8-45F3-B0B2-9F86E3E10B9C}.Debug|Any CPU.ActiveCfg = Debug|Any CPU
		{7315C4B3-A4A8-45F3-B0B2-9F86E3E10B9C}.Debug|Any CPU.Build.0 = Debug|Any CPU
		{7315C4B3-A4A8-45F3-B0B2-9F86E3E10B9C}.Debug|x64.ActiveCfg = Debug|Any CPU
		{7315C4B3-A4A8-45F3-B0B2-9F86E3E10B9C}.Debug|x64.Build.0 = Debug|Any CPU
		{7315C4B3-A4A8-45F3-B0B2-9F86E3E10B9C}.Debug|x86.ActiveCfg = Debug|Any CPU
		{7315C4B3-A4A8-45F3-B0B2-9F86E3E10B9C}.Debug|x86.Build.0 = Debug|Any CPU
		{7315C4B3-A4A8-45F3-B0B2-9F86E3E10B9C}.Release|Any CPU.ActiveCfg = Release|Any CPU
		{7315C4B3-A4A8-45F3-B0B2-9F86E3E10B9C}.Release|Any CPU.Build.0 = Release|Any CPU
		{7315C4B3-A4A8-45F3-B0B2-9F86E3E10B9C}.Release|x64.ActiveCfg = Release|Any CPU
		{7315C4B3-A4A8-45F3-B0B2-9F86E3E10B9C}.Release|x64.Build.0 = Release|Any CPU
		{7315C4B3-A4A8-45F3-B0B2-9F86E3E10B9C}.Release|x86.ActiveCfg = Release|Any CPU
		{7315C4B3-A4A8-45F3-B0B2-9F86E3E10B9C}.Release|x86.Build.0 = Release|Any CPU
		{E30B04B2-E72E-458D-BD30-7FD286F85771}.Debug|Any CPU.ActiveCfg = Debug|Any CPU
		{E30B04B2-E72E-458D-BD30-7FD286F85771}.Debug|Any CPU.Build.0 = Debug|Any CPU
		{E30B04B2-E72E-458D-BD30-7FD286F85771}.Debug|x64.ActiveCfg = Debug|Any CPU
		{E30B04B2-E72E-458D-BD30-7FD286F85771}.Debug|x64.Build.0 = Debug|Any CPU
		{E30B04B2-E72E-458D-BD30-7FD286F85771}.Debug|x86.ActiveCfg = Debug|Any CPU
		{E30B04B2-E72E-458D-BD30-7FD286F85771}.Debug|x86.Build.0 = Debug|Any CPU
		{E30B04B2-E72E-458D-BD30-7FD286F85771}.Release|Any CPU.ActiveCfg = Release|Any CPU
		{E30B04B2-E72E-458D-BD30-7FD286F85771}.Release|Any CPU.Build.0 = Release|Any CPU
		{E30B04B2-E72E-458D-BD30-7FD286F85771}.Release|x64.ActiveCfg = Release|Any CPU
		{E30B04B2-E72E-458D-BD30-7FD286F85771}.Release|x64.Build.0 = Release|Any CPU
		{E30B04B2-E72E-458D-BD30-7FD286F85771}.Release|x86.ActiveCfg = Release|Any CPU
		{E30B04B2-E72E-458D-BD30-7FD286F85771}.Release|x86.Build.0 = Release|Any CPU
		{D6455C29-041E-4840-BA1E-C552B6A63F71}.Debug|Any CPU.ActiveCfg = Debug|Any CPU
		{D6455C29-041E-4840-BA1E-C552B6A63F71}.Debug|Any CPU.Build.0 = Debug|Any CPU
		{D6455C29-041E-4840-BA1E-C552B6A63F71}.Debug|x64.ActiveCfg = Debug|Any CPU
		{D6455C29-041E-4840-BA1E-C552B6A63F71}.Debug|x64.Build.0 = Debug|Any CPU
		{D6455C29-041E-4840-BA1E-C552B6A63F71}.Debug|x86.ActiveCfg = Debug|Any CPU
		{D6455C29-041E-4840-BA1E-C552B6A63F71}.Debug|x86.Build.0 = Debug|Any CPU
		{D6455C29-041E-4840-BA1E-C552B6A63F71}.Release|Any CPU.ActiveCfg = Release|Any CPU
		{D6455C29-041E-4840-BA1E-C552B6A63F71}.Release|Any CPU.Build.0 = Release|Any CPU
		{D6455C29-041E-4840-BA1E-C552B6A63F71}.Release|x64.ActiveCfg = Release|Any CPU
		{D6455C29-041E-4840-BA1E-C552B6A63F71}.Release|x64.Build.0 = Release|Any CPU
		{D6455C29-041E-4840-BA1E-C552B6A63F71}.Release|x86.ActiveCfg = Release|Any CPU
		{D6455C29-041E-4840-BA1E-C552B6A63F71}.Release|x86.Build.0 = Release|Any CPU
		{578B1E4B-7BB6-4092-9989-807F513CA159}.Debug|Any CPU.ActiveCfg = Debug|Any CPU
		{578B1E4B-7BB6-4092-9989-807F513CA159}.Debug|Any CPU.Build.0 = Debug|Any CPU
		{578B1E4B-7BB6-4092-9989-807F513CA159}.Debug|x64.ActiveCfg = Debug|Any CPU
		{578B1E4B-7BB6-4092-9989-807F513CA159}.Debug|x64.Build.0 = Debug|Any CPU
		{578B1E4B-7BB6-4092-9989-807F513CA159}.Debug|x86.ActiveCfg = Debug|Any CPU
		{578B1E4B-7BB6-4092-9989-807F513CA159}.Debug|x86.Build.0 = Debug|Any CPU
		{578B1E4B-7BB6-4092-9989-807F513CA159}.Release|Any CPU.ActiveCfg = Release|Any CPU
		{578B1E4B-7BB6-4092-9989-807F513CA159}.Release|Any CPU.Build.0 = Release|Any CPU
		{578B1E4B-7BB6-4092-9989-807F513CA159}.Release|x64.ActiveCfg = Release|Any CPU
		{578B1E4B-7BB6-4092-9989-807F513CA159}.Release|x64.Build.0 = Release|Any CPU
		{578B1E4B-7BB6-4092-9989-807F513CA159}.Release|x86.ActiveCfg = Release|Any CPU
		{578B1E4B-7BB6-4092-9989-807F513CA159}.Release|x86.Build.0 = Release|Any CPU
	EndGlobalSection
	GlobalSection(SolutionProperties) = preSolution
		HideSolutionNode = FALSE
	EndGlobalSection
	GlobalSection(NestedProjects) = preSolution
		{7F9D44B7-5985-4D15-A9DC-A37E11FB20C8} = {827E0CD3-B72D-47B6-A68D-7590B98EB39B}
		{00C57674-D318-4DA8-84C6-024A6C8DA85A} = {827E0CD3-B72D-47B6-A68D-7590B98EB39B}
		{0F1E18A3-AC2F-4888-841E-42F79B54586F} = {827E0CD3-B72D-47B6-A68D-7590B98EB39B}
		{4CFD653F-A6AA-45B8-9F50-E5FC3526163E} = {827E0CD3-B72D-47B6-A68D-7590B98EB39B}
		{7315C4B3-A4A8-45F3-B0B2-9F86E3E10B9C} = {827E0CD3-B72D-47B6-A68D-7590B98EB39B}
		{E30B04B2-E72E-458D-BD30-7FD286F85771} = {827E0CD3-B72D-47B6-A68D-7590B98EB39B}
		{D6455C29-041E-4840-BA1E-C552B6A63F71} = {827E0CD3-B72D-47B6-A68D-7590B98EB39B}
		{578B1E4B-7BB6-4092-9989-807F513CA159} = {827E0CD3-B72D-47B6-A68D-7590B98EB39B}
	EndGlobalSection
EndGlobal
